PODS:
  - Realm (10.15.1):
    - Realm/Headers (= 10.15.1)
  - Realm/Headers (10.15.1)
  - RealmSwift (10.15.1):
    - Realm (= 10.15.1)
  - SDWebImage (5.11.1):
    - SDWebImage/Core (= 5.11.1)
  - SDWebImage/Core (5.11.1)
  - TinyConstraints (4.0.2)

DEPENDENCIES:
  - RealmSwift
  - SDWebImage
  - TinyConstraints

SPEC REPOS:
  trunk:
    - Realm
    - RealmSwift
    - SDWebImage
    - TinyConstraints

SPEC CHECKSUMS:
  Realm: fbcbde2620d51623cc5b18e28f5b165c39abef52
  RealmSwift: e4bea8e42efad3d543aea23b56504069c6faaea2
  SDWebImage: a7f831e1a65eb5e285e3fb046a23fcfbf08e696d
  TinyConstraints: 7b7ccc0c485bb3bb47082138ff28bc33cd49897f

PODFILE CHECKSUM: db86e86c25a9405b2e5a1921280b895caad026e9

COCOAPODS: 1.11.2
