// !$*UTF8*$!
{
	archiveVersion = 1;
	classes = {
	};
	objectVersion = 55;
	objects = {

/* Begin PBXBuildFile section */
		2733A3F865501CF065471839 /* Pods_GameLibrary.framework in Frameworks */ = {isa = PBXBuildFile; fileRef = 39FC7B4CDF3FF3CA415A2673 /* Pods_GameLibrary.framework */; };
		284BE96B2802F1AD00868B4C /* data.json in Resources */ = {isa = PBXBuildFile; fileRef = 284BE96A2802F1AD00868B4C /* data.json */; };
		284BE96D2802F4B500868B4C /* GameDetailTest.swift in Sources */ = {isa = PBXBuildFile; fileRef = 284BE96C2802F4B500868B4C /* GameDetailTest.swift */; };
		284BE96F2802F62700868B4C /* dataInstance.json in Resources */ = {isa = PBXBuildFile; fileRef = 284BE96E2802F62700868B4C /* dataInstance.json */; };
		28678A232802307500B2D4A8 /* FavoriteViewModel.swift in Sources */ = {isa = PBXBuildFile; fileRef = 28678A222802307500B2D4A8 /* FavoriteViewModel.swift */; };
		28678A25280240AC00B2D4A8 /* GameTableViewCell.swift in Sources */ = {isa = PBXBuildFile; fileRef = 28678A24280240AC00B2D4A8 /* GameTableViewCell.swift */; };
		28678A272802584E00B2D4A8 /* GamesViewModelTest.swift in Sources */ = {isa = PBXBuildFile; fileRef = 28678A262802584E00B2D4A8 /* GamesViewModelTest.swift */; };
		28DCBE0F2800C991002055F5 /* AppDelegate.swift in Sources */ = {isa = PBXBuildFile; fileRef = 28DCBE0E2800C991002055F5 /* AppDelegate.swift */; };
		28DCBE112800C991002055F5 /* SceneDelegate.swift in Sources */ = {isa = PBXBuildFile; fileRef = 28DCBE102800C991002055F5 /* SceneDelegate.swift */; };
		28DCBE132800C991002055F5 /* ViewController.swift in Sources */ = {isa = PBXBuildFile; fileRef = 28DCBE122800C991002055F5 /* ViewController.swift */; };
		28DCBE162800C991002055F5 /* Main.storyboard in Resources */ = {isa = PBXBuildFile; fileRef = 28DCBE142800C991002055F5 /* Main.storyboard */; };
		28DCBE182800C993002055F5 /* Assets.xcassets in Resources */ = {isa = PBXBuildFile; fileRef = 28DCBE172800C993002055F5 /* Assets.xcassets */; };
		28DCBE1B2800C993002055F5 /* LaunchScreen.storyboard in Resources */ = {isa = PBXBuildFile; fileRef = 28DCBE192800C993002055F5 /* LaunchScreen.storyboard */; };
		28DCBE262800C993002055F5 /* GameLibraryTests.swift in Sources */ = {isa = PBXBuildFile; fileRef = 28DCBE252800C993002055F5 /* GameLibraryTests.swift */; };
		28DCBE3F2800CAEE002055F5 /* TabBarViewController.swift in Sources */ = {isa = PBXBuildFile; fileRef = 28DCBE3E2800CAEE002055F5 /* TabBarViewController.swift */; };
		28DCBE432800CB56002055F5 /* GamesViewController.swift in Sources */ = {isa = PBXBuildFile; fileRef = 28DCBE422800CB56002055F5 /* GamesViewController.swift */; };
		28DCBE452800CB6B002055F5 /* GamesViewModel.swift in Sources */ = {isa = PBXBuildFile; fileRef = 28DCBE442800CB6B002055F5 /* GamesViewModel.swift */; };
		28DCBE472800CB74002055F5 /* Game.swift in Sources */ = {isa = PBXBuildFile; fileRef = 28DCBE462800CB74002055F5 /* Game.swift */; };
		28DCBE492800CB96002055F5 /* FavoriteViewController.swift in Sources */ = {isa = PBXBuildFile; fileRef = 28DCBE482800CB96002055F5 /* FavoriteViewController.swift */; };
		28DCBE4B2800CBF4002055F5 /* Helper.swift in Sources */ = {isa = PBXBuildFile; fileRef = 28DCBE4A2800CBF4002055F5 /* Helper.swift */; };
		28DCBE4D2800D916002055F5 /* NetworkingService.swift in Sources */ = {isa = PBXBuildFile; fileRef = 28DCBE4C2800D916002055F5 /* NetworkingService.swift */; };
		28DCBE4F2800DFC6002055F5 /* GameCollectionViewCell.swift in Sources */ = {isa = PBXBuildFile; fileRef = 28DCBE4E2800DFC6002055F5 /* GameCollectionViewCell.swift */; };
		28DCBE522800E069002055F5 /* SearchResultViewController.swift in Sources */ = {isa = PBXBuildFile; fileRef = 28DCBE512800E069002055F5 /* SearchResultViewController.swift */; };
		28DCBE542800E128002055F5 /* SearchResultViewModel.swift in Sources */ = {isa = PBXBuildFile; fileRef = 28DCBE532800E128002055F5 /* SearchResultViewModel.swift */; };
		28DCBE562800FB2F002055F5 /* GameDetailViewController.swift in Sources */ = {isa = PBXBuildFile; fileRef = 28DCBE552800FB2F002055F5 /* GameDetailViewController.swift */; };
		28DCBE592800FB51002055F5 /* GameDetailViewModel.swift in Sources */ = {isa = PBXBuildFile; fileRef = 28DCBE582800FB51002055F5 /* GameDetailViewModel.swift */; };
		737F3609C1C20DC116B7BE54 /* Pods_GameLibraryTests.framework in Frameworks */ = {isa = PBXBuildFile; fileRef = 157640F84866AA9EAD9DC19B /* Pods_GameLibraryTests.framework */; };
		BCD31A8C13DFE5F7FDA63902 /* Pods_GameLibrary_GameLibraryUITests.framework in Frameworks */ = {isa = PBXBuildFile; fileRef = CD41DF52438FCEC9F79CEEBA /* Pods_GameLibrary_GameLibraryUITests.framework */; };
/* End PBXBuildFile section */

/* Begin PBXContainerItemProxy section */
		28DCBE222800C993002055F5 /* PBXContainerItemProxy */ = {
			isa = PBXContainerItemProxy;
			containerPortal = 28DCBE032800C991002055F5 /* Project object */;
			proxyType = 1;
			remoteGlobalIDString = 28DCBE0A2800C991002055F5;
			remoteInfo = GameLibrary;
		};
		28DCBE2C2800C993002055F5 /* PBXContainerItemProxy */ = {
			isa = PBXContainerItemProxy;
			containerPortal = 28DCBE032800C991002055F5 /* Project object */;
			proxyType = 1;
			remoteGlobalIDString = 28DCBE0A2800C991002055F5;
			remoteInfo = GameLibrary;
		};
/* End PBXContainerItemProxy section */

/* Begin PBXFileReference section */
		157640F84866AA9EAD9DC19B /* Pods_GameLibraryTests.framework */ = {isa = PBXFileReference; explicitFileType = wrapper.framework; includeInIndex = 0; path = Pods_GameLibraryTests.framework; sourceTree = BUILT_PRODUCTS_DIR; };
		284BE96A2802F1AD00868B4C /* data.json */ = {isa = PBXFileReference; fileEncoding = 4; lastKnownFileType = text.json; path = data.json; sourceTree = "<group>"; };
		284BE96C2802F4B500868B4C /* GameDetailTest.swift */ = {isa = PBXFileReference; lastKnownFileType = sourcecode.swift; path = GameDetailTest.swift; sourceTree = "<group>"; };
		284BE96E2802F62700868B4C /* dataInstance.json */ = {isa = PBXFileReference; fileEncoding = 4; lastKnownFileType = text.json; path = dataInstance.json; sourceTree = "<group>"; };
		28678A222802307500B2D4A8 /* FavoriteViewModel.swift */ = {isa = PBXFileReference; lastKnownFileType = sourcecode.swift; path = FavoriteViewModel.swift; sourceTree = "<group>"; };
		28678A24280240AC00B2D4A8 /* GameTableViewCell.swift */ = {isa = PBXFileReference; lastKnownFileType = sourcecode.swift; path = GameTableViewCell.swift; sourceTree = "<group>"; };
		28678A262802584E00B2D4A8 /* GamesViewModelTest.swift */ = {isa = PBXFileReference; lastKnownFileType = sourcecode.swift; path = GamesViewModelTest.swift; sourceTree = "<group>"; };
		28DCBE0B2800C991002055F5 /* GameLibrary.app */ = {isa = PBXFileReference; explicitFileType = wrapper.application; includeInIndex = 0; path = GameLibrary.app; sourceTree = BUILT_PRODUCTS_DIR; };
		28DCBE0E2800C991002055F5 /* AppDelegate.swift */ = {isa = PBXFileReference; lastKnownFileType = sourcecode.swift; path = AppDelegate.swift; sourceTree = "<group>"; };
		28DCBE102800C991002055F5 /* SceneDelegate.swift */ = {isa = PBXFileReference; lastKnownFileType = sourcecode.swift; path = SceneDelegate.swift; sourceTree = "<group>"; };
		28DCBE122800C991002055F5 /* ViewController.swift */ = {isa = PBXFileReference; lastKnownFileType = sourcecode.swift; path = ViewController.swift; sourceTree = "<group>"; };
		28DCBE152800C991002055F5 /* Base */ = {isa = PBXFileReference; lastKnownFileType = file.storyboard; name = Base; path = Base.lproj/Main.storyboard; sourceTree = "<group>"; };
		28DCBE172800C993002055F5 /* Assets.xcassets */ = {isa = PBXFileReference; lastKnownFileType = folder.assetcatalog; path = Assets.xcassets; sourceTree = "<group>"; };
		28DCBE1A2800C993002055F5 /* Base */ = {isa = PBXFileReference; lastKnownFileType = file.storyboard; name = Base; path = Base.lproj/LaunchScreen.storyboard; sourceTree = "<group>"; };
		28DCBE1C2800C993002055F5 /* Info.plist */ = {isa = PBXFileReference; lastKnownFileType = text.plist.xml; path = Info.plist; sourceTree = "<group>"; };
		28DCBE212800C993002055F5 /* GameLibraryTests.xctest */ = {isa = PBXFileReference; explicitFileType = wrapper.cfbundle; includeInIndex = 0; path = GameLibraryTests.xctest; sourceTree = BUILT_PRODUCTS_DIR; };
		28DCBE252800C993002055F5 /* GameLibraryTests.swift */ = {isa = PBXFileReference; lastKnownFileType = sourcecode.swift; path = GameLibraryTests.swift; sourceTree = "<group>"; };
		28DCBE2B2800C993002055F5 /* GameLibraryUITests.xctest */ = {isa = PBXFileReference; explicitFileType = wrapper.cfbundle; includeInIndex = 0; path = GameLibraryUITests.xctest; sourceTree = BUILT_PRODUCTS_DIR; };
		28DCBE3E2800CAEE002055F5 /* TabBarViewController.swift */ = {isa = PBXFileReference; lastKnownFileType = sourcecode.swift; path = TabBarViewController.swift; sourceTree = "<group>"; };
		28DCBE422800CB56002055F5 /* GamesViewController.swift */ = {isa = PBXFileReference; lastKnownFileType = sourcecode.swift; path = GamesViewController.swift; sourceTree = "<group>"; };
		28DCBE442800CB6B002055F5 /* GamesViewModel.swift */ = {isa = PBXFileReference; lastKnownFileType = sourcecode.swift; path = GamesViewModel.swift; sourceTree = "<group>"; };
		28DCBE462800CB74002055F5 /* Game.swift */ = {isa = PBXFileReference; lastKnownFileType = sourcecode.swift; path = Game.swift; sourceTree = "<group>"; };
		28DCBE482800CB96002055F5 /* FavoriteViewController.swift */ = {isa = PBXFileReference; lastKnownFileType = sourcecode.swift; path = FavoriteViewController.swift; sourceTree = "<group>"; };
		28DCBE4A2800CBF4002055F5 /* Helper.swift */ = {isa = PBXFileReference; lastKnownFileType = sourcecode.swift; path = Helper.swift; sourceTree = "<group>"; };
		28DCBE4C2800D916002055F5 /* NetworkingService.swift */ = {isa = PBXFileReference; lastKnownFileType = sourcecode.swift; path = NetworkingService.swift; sourceTree = "<group>"; };
		28DCBE4E2800DFC6002055F5 /* GameCollectionViewCell.swift */ = {isa = PBXFileReference; lastKnownFileType = sourcecode.swift; path = GameCollectionViewCell.swift; sourceTree = "<group>"; };
		28DCBE512800E069002055F5 /* SearchResultViewController.swift */ = {isa = PBXFileReference; lastKnownFileType = sourcecode.swift; path = SearchResultViewController.swift; sourceTree = "<group>"; };
		28DCBE532800E128002055F5 /* SearchResultViewModel.swift */ = {isa = PBXFileReference; lastKnownFileType = sourcecode.swift; path = SearchResultViewModel.swift; sourceTree = "<group>"; };
		28DCBE552800FB2F002055F5 /* GameDetailViewController.swift */ = {isa = PBXFileReference; lastKnownFileType = sourcecode.swift; path = GameDetailViewController.swift; sourceTree = "<group>"; };
		28DCBE582800FB51002055F5 /* GameDetailViewModel.swift */ = {isa = PBXFileReference; lastKnownFileType = sourcecode.swift; path = GameDetailViewModel.swift; sourceTree = "<group>"; };
		39FC7B4CDF3FF3CA415A2673 /* Pods_GameLibrary.framework */ = {isa = PBXFileReference; explicitFileType = wrapper.framework; includeInIndex = 0; path = Pods_GameLibrary.framework; sourceTree = BUILT_PRODUCTS_DIR; };
		537075393BDE4840B2C986AE /* Pods-GameLibrary-GameLibraryUITests.release.xcconfig */ = {isa = PBXFileReference; includeInIndex = 1; lastKnownFileType = text.xcconfig; name = "Pods-GameLibrary-GameLibraryUITests.release.xcconfig"; path = "Target Support Files/Pods-GameLibrary-GameLibraryUITests/Pods-GameLibrary-GameLibraryUITests.release.xcconfig"; sourceTree = "<group>"; };
		568634C2FB05BA147ABB6D81 /* Pods-GameLibrary-GameLibraryUITests.debug.xcconfig */ = {isa = PBXFileReference; includeInIndex = 1; lastKnownFileType = text.xcconfig; name = "Pods-GameLibrary-GameLibraryUITests.debug.xcconfig"; path = "Target Support Files/Pods-GameLibrary-GameLibraryUITests/Pods-GameLibrary-GameLibraryUITests.debug.xcconfig"; sourceTree = "<group>"; };
		A9A08214B55DCF9151D44417 /* Pods-GameLibrary.debug.xcconfig */ = {isa = PBXFileReference; includeInIndex = 1; lastKnownFileType = text.xcconfig; name = "Pods-GameLibrary.debug.xcconfig"; path = "Target Support Files/Pods-GameLibrary/Pods-GameLibrary.debug.xcconfig"; sourceTree = "<group>"; };
		BFB6B55BBA06D6C70DFF6B78 /* Pods-GameLibrary.release.xcconfig */ = {isa = PBXFileReference; includeInIndex = 1; lastKnownFileType = text.xcconfig; name = "Pods-GameLibrary.release.xcconfig"; path = "Target Support Files/Pods-GameLibrary/Pods-GameLibrary.release.xcconfig"; sourceTree = "<group>"; };
		CD41DF52438FCEC9F79CEEBA /* Pods_GameLibrary_GameLibraryUITests.framework */ = {isa = PBXFileReference; explicitFileType = wrapper.framework; includeInIndex = 0; path = Pods_GameLibrary_GameLibraryUITests.framework; sourceTree = BUILT_PRODUCTS_DIR; };
		D644FC116B13356838F579CF /* Pods-GameLibraryTests.release.xcconfig */ = {isa = PBXFileReference; includeInIndex = 1; lastKnownFileType = text.xcconfig; name = "Pods-GameLibraryTests.release.xcconfig"; path = "Target Support Files/Pods-GameLibraryTests/Pods-GameLibraryTests.release.xcconfig"; sourceTree = "<group>"; };
		F729B041C5E8FB183A96E48D /* Pods-GameLibraryTests.debug.xcconfig */ = {isa = PBXFileReference; includeInIndex = 1; lastKnownFileType = text.xcconfig; name = "Pods-GameLibraryTests.debug.xcconfig"; path = "Target Support Files/Pods-GameLibraryTests/Pods-GameLibraryTests.debug.xcconfig"; sourceTree = "<group>"; };
/* End PBXFileReference section */

/* Begin PBXFrameworksBuildPhase section */
		28DCBE082800C991002055F5 /* Frameworks */ = {
			isa = PBXFrameworksBuildPhase;
			buildActionMask = 2147483647;
			files = (
				2733A3F865501CF065471839 /* Pods_GameLibrary.framework in Frameworks */,
			);
			runOnlyForDeploymentPostprocessing = 0;
		};
		28DCBE1E2800C993002055F5 /* Frameworks */ = {
			isa = PBXFrameworksBuildPhase;
			buildActionMask = 2147483647;
			files = (
				737F3609C1C20DC116B7BE54 /* Pods_GameLibraryTests.framework in Frameworks */,
			);
			runOnlyForDeploymentPostprocessing = 0;
		};
		28DCBE282800C993002055F5 /* Frameworks */ = {
			isa = PBXFrameworksBuildPhase;
			buildActionMask = 2147483647;
			files = (
				BCD31A8C13DFE5F7FDA63902 /* Pods_GameLibrary_GameLibraryUITests.framework in Frameworks */,
			);
			runOnlyForDeploymentPostprocessing = 0;
		};
/* End PBXFrameworksBuildPhase section */

/* Begin PBXGroup section */
		025C8CD3CDB74EE007043814 /* Pods */ = {
			isa = PBXGroup;
			children = (
				A9A08214B55DCF9151D44417 /* Pods-GameLibrary.debug.xcconfig */,
				BFB6B55BBA06D6C70DFF6B78 /* Pods-GameLibrary.release.xcconfig */,
				568634C2FB05BA147ABB6D81 /* Pods-GameLibrary-GameLibraryUITests.debug.xcconfig */,
				537075393BDE4840B2C986AE /* Pods-GameLibrary-GameLibraryUITests.release.xcconfig */,
				F729B041C5E8FB183A96E48D /* Pods-GameLibraryTests.debug.xcconfig */,
				D644FC116B13356838F579CF /* Pods-GameLibraryTests.release.xcconfig */,
			);
			path = Pods;
			sourceTree = "<group>";
		};
		28DCBE022800C991002055F5 = {
			isa = PBXGroup;
			children = (
				28DCBE0D2800C991002055F5 /* GameLibrary */,
				28DCBE242800C993002055F5 /* GameLibraryTests */,
				28DCBE0C2800C991002055F5 /* Products */,
				025C8CD3CDB74EE007043814 /* Pods */,
				6E9A93D3B576E626E5A78E46 /* Frameworks */,
			);
			sourceTree = "<group>";
		};
		28DCBE0C2800C991002055F5 /* Products */ = {
			isa = PBXGroup;
			children = (
				28DCBE0B2800C991002055F5 /* GameLibrary.app */,
				28DCBE212800C993002055F5 /* GameLibraryTests.xctest */,
				28DCBE2B2800C993002055F5 /* GameLibraryUITests.xctest */,
			);
			name = Products;
			sourceTree = "<group>";
		};
		28DCBE0D2800C991002055F5 /* GameLibrary */ = {
			isa = PBXGroup;
			children = (
				284BE96A2802F1AD00868B4C /* data.json */,
				284BE96E2802F62700868B4C /* dataInstance.json */,
				28DCBE0E2800C991002055F5 /* AppDelegate.swift */,
				28DCBE102800C991002055F5 /* SceneDelegate.swift */,
				28DCBE4C2800D916002055F5 /* NetworkingService.swift */,
				28DCBE122800C991002055F5 /* ViewController.swift */,
				28DCBE3E2800CAEE002055F5 /* TabBarViewController.swift */,
				28DCBE4A2800CBF4002055F5 /* Helper.swift */,
				28DCBE502800E04E002055F5 /* SearchView */,
				28DCBE412800CB30002055F5 /* Favorite */,
				28DCBE402800CB2B002055F5 /* Games */,
				28DCBE142800C991002055F5 /* Main.storyboard */,
				28DCBE572800FB33002055F5 /* GameDetail */,
				28DCBE172800C993002055F5 /* Assets.xcassets */,
				28DCBE192800C993002055F5 /* LaunchScreen.storyboard */,
				28DCBE1C2800C993002055F5 /* Info.plist */,
			);
			path = GameLibrary;
			sourceTree = "<group>";
		};
		28DCBE242800C993002055F5 /* GameLibraryTests */ = {
			isa = PBXGroup;
			children = (
				28DCBE252800C993002055F5 /* GameLibraryTests.swift */,
				284BE96C2802F4B500868B4C /* GameDetailTest.swift */,
				28678A262802584E00B2D4A8 /* GamesViewModelTest.swift */,
			);
			path = GameLibraryTests;
			sourceTree = "<group>";
		};
		28DCBE402800CB2B002055F5 /* Games */ = {
			isa = PBXGroup;
			children = (
				28DCBE422800CB56002055F5 /* GamesViewController.swift */,
				28DCBE442800CB6B002055F5 /* GamesViewModel.swift */,
				28DCBE462800CB74002055F5 /* Game.swift */,
				28DCBE4E2800DFC6002055F5 /* GameCollectionViewCell.swift */,
			);
			path = Games;
			sourceTree = "<group>";
		};
		28DCBE412800CB30002055F5 /* Favorite */ = {
			isa = PBXGroup;
			children = (
				28DCBE482800CB96002055F5 /* FavoriteViewController.swift */,
				28678A222802307500B2D4A8 /* FavoriteViewModel.swift */,
				28678A24280240AC00B2D4A8 /* GameTableViewCell.swift */,
			);
			path = Favorite;
			sourceTree = "<group>";
		};
		28DCBE502800E04E002055F5 /* SearchView */ = {
			isa = PBXGroup;
			children = (
				28DCBE512800E069002055F5 /* SearchResultViewController.swift */,
				28DCBE532800E128002055F5 /* SearchResultViewModel.swift */,
			);
			path = SearchView;
			sourceTree = "<group>";
		};
		28DCBE572800FB33002055F5 /* GameDetail */ = {
			isa = PBXGroup;
			children = (
				28DCBE552800FB2F002055F5 /* GameDetailViewController.swift */,
				28DCBE582800FB51002055F5 /* GameDetailViewModel.swift */,
			);
			path = GameDetail;
			sourceTree = "<group>";
		};
		6E9A93D3B576E626E5A78E46 /* Frameworks */ = {
			isa = PBXGroup;
			children = (
				39FC7B4CDF3FF3CA415A2673 /* Pods_GameLibrary.framework */,
				CD41DF52438FCEC9F79CEEBA /* Pods_GameLibrary_GameLibraryUITests.framework */,
				157640F84866AA9EAD9DC19B /* Pods_GameLibraryTests.framework */,
			);
			name = Frameworks;
			sourceTree = "<group>";
		};
/* End PBXGroup section */

/* Begin PBXNativeTarget section */
		28DCBE0A2800C991002055F5 /* GameLibrary */ = {
			isa = PBXNativeTarget;
			buildConfigurationList = 28DCBE352800C993002055F5 /* Build configuration list for PBXNativeTarget "GameLibrary" */;
			buildPhases = (
				72E33FF50B964EE68A4309C4 /* [CP] Check Pods Manifest.lock */,
				28DCBE072800C991002055F5 /* Sources */,
				28DCBE082800C991002055F5 /* Frameworks */,
				28DCBE092800C991002055F5 /* Resources */,
				A82B4378BF92D168FC3D72A6 /* [CP] Embed Pods Frameworks */,
			);
			buildRules = (
			);
			dependencies = (
			);
			name = GameLibrary;
			productName = GameLibrary;
			productReference = 28DCBE0B2800C991002055F5 /* GameLibrary.app */;
			productType = "com.apple.product-type.application";
		};
		28DCBE202800C993002055F5 /* GameLibraryTests */ = {
			isa = PBXNativeTarget;
			buildConfigurationList = 28DCBE382800C993002055F5 /* Build configuration list for PBXNativeTarget "GameLibraryTests" */;
			buildPhases = (
				3E9F1B3689FBE763E7BDA787 /* [CP] Check Pods Manifest.lock */,
				28DCBE1D2800C993002055F5 /* Sources */,
				28DCBE1E2800C993002055F5 /* Frameworks */,
				28DCBE1F2800C993002055F5 /* Resources */,
			);
			buildRules = (
			);
			dependencies = (
				28DCBE232800C993002055F5 /* PBXTargetDependency */,
			);
			name = GameLibraryTests;
			productName = GameLibraryTests;
			productReference = 28DCBE212800C993002055F5 /* GameLibraryTests.xctest */;
			productType = "com.apple.product-type.bundle.unit-test";
		};
		28DCBE2A2800C993002055F5 /* GameLibraryUITests */ = {
			isa = PBXNativeTarget;
			buildConfigurationList = 28DCBE3B2800C993002055F5 /* Build configuration list for PBXNativeTarget "GameLibraryUITests" */;
			buildPhases = (
				1243813411D4CD17F545E09A /* [CP] Check Pods Manifest.lock */,
				28DCBE272800C993002055F5 /* Sources */,
				28DCBE282800C993002055F5 /* Frameworks */,
				28DCBE292800C993002055F5 /* Resources */,
				E2E26218572A7B59CDF9A6FC /* [CP] Embed Pods Frameworks */,
			);
			buildRules = (
			);
			dependencies = (
				28DCBE2D2800C993002055F5 /* PBXTargetDependency */,
			);
			name = GameLibraryUITests;
			productName = GameLibraryUITests;
			productReference = 28DCBE2B2800C993002055F5 /* GameLibraryUITests.xctest */;
			productType = "com.apple.product-type.bundle.ui-testing";
		};
/* End PBXNativeTarget section */

/* Begin PBXProject section */
		28DCBE032800C991002055F5 /* Project object */ = {
			isa = PBXProject;
			attributes = {
				BuildIndependentTargetsInParallel = 1;
				LastSwiftUpdateCheck = 1330;
				LastUpgradeCheck = 1330;
				TargetAttributes = {
					28DCBE0A2800C991002055F5 = {
						CreatedOnToolsVersion = 13.3;
					};
					28DCBE202800C993002055F5 = {
						CreatedOnToolsVersion = 13.3;
						TestTargetID = 28DCBE0A2800C991002055F5;
					};
					28DCBE2A2800C993002055F5 = {
						CreatedOnToolsVersion = 13.3;
						TestTargetID = 28DCBE0A2800C991002055F5;
					};
				};
			};
			buildConfigurationList = 28DCBE062800C991002055F5 /* Build configuration list for PBXProject "GameLibrary" */;
			compatibilityVersion = "Xcode 13.0";
			developmentRegion = en;
			hasScannedForEncodings = 0;
			knownRegions = (
				en,
				Base,
			);
			mainGroup = 28DCBE022800C991002055F5;
			productRefGroup = 28DCBE0C2800C991002055F5 /* Products */;
			projectDirPath = "";
			projectRoot = "";
			targets = (
				28DCBE0A2800C991002055F5 /* GameLibrary */,
				28DCBE202800C993002055F5 /* GameLibraryTests */,
				28DCBE2A2800C993002055F5 /* GameLibraryUITests */,
			);
		};
/* End PBXProject section */

/* Begin PBXResourcesBuildPhase section */
		28DCBE092800C991002055F5 /* Resources */ = {
			isa = PBXResourcesBuildPhase;
			buildActionMask = 2147483647;
			files = (
				284BE96F2802F62700868B4C /* dataInstance.json in Resources */,
				28DCBE1B2800C993002055F5 /* LaunchScreen.storyboard in Resources */,
				28DCBE182800C993002055F5 /* Assets.xcassets in Resources */,
				284BE96B2802F1AD00868B4C /* data.json in Resources */,
				28DCBE162800C991002055F5 /* Main.storyboard in Resources */,
			);
			runOnlyForDeploymentPostprocessing = 0;
		};
		28DCBE1F2800C993002055F5 /* Resources */ = {
			isa = PBXResourcesBuildPhase;
			buildActionMask = 2147483647;
			files = (
			);
			runOnlyForDeploymentPostprocessing = 0;
		};
		28DCBE292800C993002055F5 /* Resources */ = {
			isa = PBXResourcesBuildPhase;
			buildActionMask = 2147483647;
			files = (
			);
			runOnlyForDeploymentPostprocessing = 0;
		};
/* End PBXResourcesBuildPhase section */

/* Begin PBXShellScriptBuildPhase section */
		1243813411D4CD17F545E09A /* [CP] Check Pods Manifest.lock */ = {
			isa = PBXShellScriptBuildPhase;
			buildActionMask = 2147483647;
			files = (
			);
			inputFileListPaths = (
			);
			inputPaths = (
				"${PODS_PODFILE_DIR_PATH}/Podfile.lock",
				"${PODS_ROOT}/Manifest.lock",
			);
			name = "[CP] Check Pods Manifest.lock";
			outputFileListPaths = (
			);
			outputPaths = (
				"$(DERIVED_FILE_DIR)/Pods-GameLibrary-GameLibraryUITests-checkManifestLockResult.txt",
			);
			runOnlyForDeploymentPostprocessing = 0;
			shellPath = /bin/sh;
			shellScript = "diff \"${PODS_PODFILE_DIR_PATH}/Podfile.lock\" \"${PODS_ROOT}/Manifest.lock\" > /dev/null\nif [ $? != 0 ] ; then\n    # print error to STDERR\n    echo \"error: The sandbox is not in sync with the Podfile.lock. Run 'pod install' or update your CocoaPods installation.\" >&2\n    exit 1\nfi\n# This output is used by Xcode 'outputs' to avoid re-running this script phase.\necho \"SUCCESS\" > \"${SCRIPT_OUTPUT_FILE_0}\"\n";
			showEnvVarsInLog = 0;
		};
		3E9F1B3689FBE763E7BDA787 /* [CP] Check Pods Manifest.lock */ = {
			isa = PBXShellScriptBuildPhase;
			buildActionMask = 2147483647;
			files = (
			);
			inputFileListPaths = (
			);
			inputPaths = (
				"${PODS_PODFILE_DIR_PATH}/Podfile.lock",
				"${PODS_ROOT}/Manifest.lock",
			);
			name = "[CP] Check Pods Manifest.lock";
			outputFileListPaths = (
			);
			outputPaths = (
				"$(DERIVED_FILE_DIR)/Pods-GameLibraryTests-checkManifestLockResult.txt",
			);
			runOnlyForDeploymentPostprocessing = 0;
			shellPath = /bin/sh;
			shellScript = "diff \"${PODS_PODFILE_DIR_PATH}/Podfile.lock\" \"${PODS_ROOT}/Manifest.lock\" > /dev/null\nif [ $? != 0 ] ; then\n    # print error to STDERR\n    echo \"error: The sandbox is not in sync with the Podfile.lock. Run 'pod install' or update your CocoaPods installation.\" >&2\n    exit 1\nfi\n# This output is used by Xcode 'outputs' to avoid re-running this script phase.\necho \"SUCCESS\" > \"${SCRIPT_OUTPUT_FILE_0}\"\n";
			showEnvVarsInLog = 0;
		};
		72E33FF50B964EE68A4309C4 /* [CP] Check Pods Manifest.lock */ = {
			isa = PBXShellScriptBuildPhase;
			buildActionMask = 2147483647;
			files = (
			);
			inputFileListPaths = (
			);
			inputPaths = (
				"${PODS_PODFILE_DIR_PATH}/Podfile.lock",
				"${PODS_ROOT}/Manifest.lock",
			);
			name = "[CP] Check Pods Manifest.lock";
			outputFileListPaths = (
			);
			outputPaths = (
				"$(DERIVED_FILE_DIR)/Pods-GameLibrary-checkManifestLockResult.txt",
			);
			runOnlyForDeploymentPostprocessing = 0;
			shellPath = /bin/sh;
			shellScript = "diff \"${PODS_PODFILE_DIR_PATH}/Podfile.lock\" \"${PODS_ROOT}/Manifest.lock\" > /dev/null\nif [ $? != 0 ] ; then\n    # print error to STDERR\n    echo \"error: The sandbox is not in sync with the Podfile.lock. Run 'pod install' or update your CocoaPods installation.\" >&2\n    exit 1\nfi\n# This output is used by Xcode 'outputs' to avoid re-running this script phase.\necho \"SUCCESS\" > \"${SCRIPT_OUTPUT_FILE_0}\"\n";
			showEnvVarsInLog = 0;
		};
		A82B4378BF92D168FC3D72A6 /* [CP] Embed Pods Frameworks */ = {
			isa = PBXShellScriptBuildPhase;
			buildActionMask = 2147483647;
			files = (
			);
			inputFileListPaths = (
				"${PODS_ROOT}/Target Support Files/Pods-GameLibrary/Pods-GameLibrary-frameworks-${CONFIGURATION}-input-files.xcfilelist",
			);
			name = "[CP] Embed Pods Frameworks";
			outputFileListPaths = (
				"${PODS_ROOT}/Target Support Files/Pods-GameLibrary/Pods-GameLibrary-frameworks-${CONFIGURATION}-output-files.xcfilelist",
			);
			runOnlyForDeploymentPostprocessing = 0;
			shellPath = /bin/sh;
			shellScript = "\"${PODS_ROOT}/Target Support Files/Pods-GameLibrary/Pods-GameLibrary-frameworks.sh\"\n";
			showEnvVarsInLog = 0;
		};
		E2E26218572A7B59CDF9A6FC /* [CP] Embed Pods Frameworks */ = {
			isa = PBXShellScriptBuildPhase;
			buildActionMask = 2147483647;
			files = (
			);
			inputFileListPaths = (
				"${PODS_ROOT}/Target Support Files/Pods-GameLibrary-GameLibraryUITests/Pods-GameLibrary-GameLibraryUITests-frameworks-${CONFIGURATION}-input-files.xcfilelist",
			);
			name = "[CP] Embed Pods Frameworks";
			outputFileListPaths = (
				"${PODS_ROOT}/Target Support Files/Pods-GameLibrary-GameLibraryUITests/Pods-GameLibrary-GameLibraryUITests-frameworks-${CONFIGURATION}-output-files.xcfilelist",
			);
			runOnlyForDeploymentPostprocessing = 0;
			shellPath = /bin/sh;
			shellScript = "\"${PODS_ROOT}/Target Support Files/Pods-GameLibrary-GameLibraryUITests/Pods-GameLibrary-GameLibraryUITests-frameworks.sh\"\n";
			showEnvVarsInLog = 0;
		};
/* End PBXShellScriptBuildPhase section */

/* Begin PBXSourcesBuildPhase section */
		28DCBE072800C991002055F5 /* Sources */ = {
			isa = PBXSourcesBuildPhase;
			buildActionMask = 2147483647;
			files = (
				28DCBE3F2800CAEE002055F5 /* TabBarViewController.swift in Sources */,
				28DCBE4F2800DFC6002055F5 /* GameCollectionViewCell.swift in Sources */,
				28DCBE132800C991002055F5 /* ViewController.swift in Sources */,
				28678A25280240AC00B2D4A8 /* GameTableViewCell.swift in Sources */,
				28DCBE472800CB74002055F5 /* Game.swift in Sources */,
				28DCBE452800CB6B002055F5 /* GamesViewModel.swift in Sources */,
				28DCBE0F2800C991002055F5 /* AppDelegate.swift in Sources */,
				28DCBE4D2800D916002055F5 /* NetworkingService.swift in Sources */,
				28DCBE562800FB2F002055F5 /* GameDetailViewController.swift in Sources */,
				28DCBE4B2800CBF4002055F5 /* Helper.swift in Sources */,
				28DCBE542800E128002055F5 /* SearchResultViewModel.swift in Sources */,
				28DCBE592800FB51002055F5 /* GameDetailViewModel.swift in Sources */,
				28DCBE112800C991002055F5 /* SceneDelegate.swift in Sources */,
				28DCBE492800CB96002055F5 /* FavoriteViewController.swift in Sources */,
				28DCBE522800E069002055F5 /* SearchResultViewController.swift in Sources */,
				28678A232802307500B2D4A8 /* FavoriteViewModel.swift in Sources */,
				28DCBE432800CB56002055F5 /* GamesViewController.swift in Sources */,
			);
			runOnlyForDeploymentPostprocessing = 0;
		};
		28DCBE1D2800C993002055F5 /* Sources */ = {
			isa = PBXSourcesBuildPhase;
			buildActionMask = 2147483647;
			files = (
				28678A272802584E00B2D4A8 /* GamesViewModelTest.swift in Sources */,
				28DCBE262800C993002055F5 /* GameLibraryTests.swift in Sources */,
				284BE96D2802F4B500868B4C /* GameDetailTest.swift in Sources */,
			);
			runOnlyForDeploymentPostprocessing = 0;
		};
		28DCBE272800C993002055F5 /* Sources */ = {
			isa = PBXSourcesBuildPhase;
			buildActionMask = 2147483647;
			files = (
			);
			runOnlyForDeploymentPostprocessing = 0;
		};
/* End PBXSourcesBuildPhase section */

/* Begin PBXTargetDependency section */
		28DCBE232800C993002055F5 /* PBXTargetDependency */ = {
			isa = PBXTargetDependency;
			target = 28DCBE0A2800C991002055F5 /* GameLibrary */;
			targetProxy = 28DCBE222800C993002055F5 /* PBXContainerItemProxy */;
		};
		28DCBE2D2800C993002055F5 /* PBXTargetDependency */ = {
			isa = PBXTargetDependency;
			target = 28DCBE0A2800C991002055F5 /* GameLibrary */;
			targetProxy = 28DCBE2C2800C993002055F5 /* PBXContainerItemProxy */;
		};
/* End PBXTargetDependency section */

/* Begin PBXVariantGroup section */
		28DCBE142800C991002055F5 /* Main.storyboard */ = {
			isa = PBXVariantGroup;
			children = (
				28DCBE152800C991002055F5 /* Base */,
			);
			name = Main.storyboard;
			sourceTree = "<group>";
		};
		28DCBE192800C993002055F5 /* LaunchScreen.storyboard */ = {
			isa = PBXVariantGroup;
			children = (
				28DCBE1A2800C993002055F5 /* Base */,
			);
			name = LaunchScreen.storyboard;
			sourceTree = "<group>";
		};
/* End PBXVariantGroup section */

/* Begin XCBuildConfiguration section */
		28DCBE332800C993002055F5 /* Debug */ = {
			isa = XCBuildConfiguration;
			buildSettings = {
				ALWAYS_SEARCH_USER_PATHS = NO;
				CLANG_ANALYZER_NONNULL = YES;
				CLANG_ANALYZER_NUMBER_OBJECT_CONVERSION = YES_AGGRESSIVE;
				CLANG_CXX_LANGUAGE_STANDARD = "gnu++17";
				CLANG_ENABLE_MODULES = YES;
				CLANG_ENABLE_OBJC_ARC = YES;
				CLANG_ENABLE_OBJC_WEAK = YES;
				CLANG_WARN_BLOCK_CAPTURE_AUTORELEASING = YES;
				CLANG_WARN_BOOL_CONVERSION = YES;
				CLANG_WARN_COMMA = YES;
				CLANG_WARN_CONSTANT_CONVERSION = YES;
				CLANG_WARN_DEPRECATED_OBJC_IMPLEMENTATIONS = YES;
				CLANG_WARN_DIRECT_OBJC_ISA_USAGE = YES_ERROR;
				CLANG_WARN_DOCUMENTATION_COMMENTS = YES;
				CLANG_WARN_EMPTY_BODY = YES;
				CLANG_WARN_ENUM_CONVERSION = YES;
				CLANG_WARN_INFINITE_RECURSION = YES;
				CLANG_WARN_INT_CONVERSION = YES;
				CLANG_WARN_NON_LITERAL_NULL_CONVERSION = YES;
				CLANG_WARN_OBJC_IMPLICIT_RETAIN_SELF = YES;
				CLANG_WARN_OBJC_LITERAL_CONVERSION = YES;
				CLANG_WARN_OBJC_ROOT_CLASS = YES_ERROR;
				CLANG_WARN_QUOTED_INCLUDE_IN_FRAMEWORK_HEADER = YES;
				CLANG_WARN_RANGE_LOOP_ANALYSIS = YES;
				CLANG_WARN_STRICT_PROTOTYPES = YES;
				CLANG_WARN_SUSPICIOUS_MOVE = YES;
				CLANG_WARN_UNGUARDED_AVAILABILITY = YES_AGGRESSIVE;
				CLANG_WARN_UNREACHABLE_CODE = YES;
				CLANG_WARN__DUPLICATE_METHOD_MATCH = YES;
				COPY_PHASE_STRIP = NO;
				DEBUG_INFORMATION_FORMAT = dwarf;
				ENABLE_STRICT_OBJC_MSGSEND = YES;
				ENABLE_TESTABILITY = YES;
				GCC_C_LANGUAGE_STANDARD = gnu11;
				GCC_DYNAMIC_NO_PIC = NO;
				GCC_NO_COMMON_BLOCKS = YES;
				GCC_OPTIMIZATION_LEVEL = 0;
				GCC_PREPROCESSOR_DEFINITIONS = (
					"DEBUG=1",
					"$(inherited)",
				);
				GCC_WARN_64_TO_32_BIT_CONVERSION = YES;
				GCC_WARN_ABOUT_RETURN_TYPE = YES_ERROR;
				GCC_WARN_UNDECLARED_SELECTOR = YES;
				GCC_WARN_UNINITIALIZED_AUTOS = YES_AGGRESSIVE;
				GCC_WARN_UNUSED_FUNCTION = YES;
				GCC_WARN_UNUSED_VARIABLE = YES;
				IPHONEOS_DEPLOYMENT_TARGET = 11.0;
				MTL_ENABLE_DEBUG_INFO = INCLUDE_SOURCE;
				MTL_FAST_MATH = YES;
				ONLY_ACTIVE_ARCH = YES;
				SDKROOT = iphoneos;
				SWIFT_ACTIVE_COMPILATION_CONDITIONS = DEBUG;
				SWIFT_OPTIMIZATION_LEVEL = "-Onone";
			};
			name = Debug;
		};
		28DCBE342800C993002055F5 /* Release */ = {
			isa = XCBuildConfiguration;
			buildSettings = {
				ALWAYS_SEARCH_USER_PATHS = NO;
				CLANG_ANALYZER_NONNULL = YES;
				CLANG_ANALYZER_NUMBER_OBJECT_CONVERSION = YES_AGGRESSIVE;
				CLANG_CXX_LANGUAGE_STANDARD = "gnu++17";
				CLANG_ENABLE_MODULES = YES;
				CLANG_ENABLE_OBJC_ARC = YES;
				CLANG_ENABLE_OBJC_WEAK = YES;
				CLANG_WARN_BLOCK_CAPTURE_AUTORELEASING = YES;
				CLANG_WARN_BOOL_CONVERSION = YES;
				CLANG_WARN_COMMA = YES;
				CLANG_WARN_CONSTANT_CONVERSION = YES;
				CLANG_WARN_DEPRECATED_OBJC_IMPLEMENTATIONS = YES;
				CLANG_WARN_DIRECT_OBJC_ISA_USAGE = YES_ERROR;
				CLANG_WARN_DOCUMENTATION_COMMENTS = YES;
				CLANG_WARN_EMPTY_BODY = YES;
				CLANG_WARN_ENUM_CONVERSION = YES;
				CLANG_WARN_INFINITE_RECURSION = YES;
				CLANG_WARN_INT_CONVERSION = YES;
				CLANG_WARN_NON_LITERAL_NULL_CONVERSION = YES;
				CLANG_WARN_OBJC_IMPLICIT_RETAIN_SELF = YES;
				CLANG_WARN_OBJC_LITERAL_CONVERSION = YES;
				CLANG_WARN_OBJC_ROOT_CLASS = YES_ERROR;
				CLANG_WARN_QUOTED_INCLUDE_IN_FRAMEWORK_HEADER = YES;
				CLANG_WARN_RANGE_LOOP_ANALYSIS = YES;
				CLANG_WARN_STRICT_PROTOTYPES = YES;
				CLANG_WARN_SUSPICIOUS_MOVE = YES;
				CLANG_WARN_UNGUARDED_AVAILABILITY = YES_AGGRESSIVE;
				CLANG_WARN_UNREACHABLE_CODE = YES;
				CLANG_WARN__DUPLICATE_METHOD_MATCH = YES;
				COPY_PHASE_STRIP = NO;
				DEBUG_INFORMATION_FORMAT = "dwarf-with-dsym";
				ENABLE_NS_ASSERTIONS = NO;
				ENABLE_STRICT_OBJC_MSGSEND = YES;
				GCC_C_LANGUAGE_STANDARD = gnu11;
				GCC_NO_COMMON_BLOCKS = YES;
				GCC_WARN_64_TO_32_BIT_CONVERSION = YES;
				GCC_WARN_ABOUT_RETURN_TYPE = YES_ERROR;
				GCC_WARN_UNDECLARED_SELECTOR = YES;
				GCC_WARN_UNINITIALIZED_AUTOS = YES_AGGRESSIVE;
				GCC_WARN_UNUSED_FUNCTION = YES;
				GCC_WARN_UNUSED_VARIABLE = YES;
				IPHONEOS_DEPLOYMENT_TARGET = 11.0;
				MTL_ENABLE_DEBUG_INFO = NO;
				MTL_FAST_MATH = YES;
				SDKROOT = iphoneos;
				SWIFT_COMPILATION_MODE = wholemodule;
				SWIFT_OPTIMIZATION_LEVEL = "-O";
				VALIDATE_PRODUCT = YES;
			};
			name = Release;
		};
		28DCBE362800C993002055F5 /* Debug */ = {
			isa = XCBuildConfiguration;
			baseConfigurationReference = A9A08214B55DCF9151D44417 /* Pods-GameLibrary.debug.xcconfig */;
			buildSettings = {
				ASSETCATALOG_COMPILER_APPICON_NAME = AppIcon;
				ASSETCATALOG_COMPILER_GLOBAL_ACCENT_COLOR_NAME = AccentColor;
				CODE_SIGN_STYLE = Automatic;
				CURRENT_PROJECT_VERSION = 1;
				DEVELOPMENT_TEAM = YN68PVVGP5;
				GENERATE_INFOPLIST_FILE = YES;
				INFOPLIST_FILE = GameLibrary/Info.plist;
				INFOPLIST_KEY_UIApplicationSupportsIndirectInputEvents = YES;
				INFOPLIST_KEY_UILaunchStoryboardName = LaunchScreen;
				INFOPLIST_KEY_UIMainStoryboardFile = Main;
				INFOPLIST_KEY_UISupportedInterfaceOrientations = "UIInterfaceOrientationPortrait UIInterfaceOrientationPortraitUpsideDown UIInterfaceOrientationLandscapeLeft UIInterfaceOrientationLandscapeRight";
				INFOPLIST_KEY_UISupportedInterfaceOrientations_iPad = "UIInterfaceOrientationPortrait UIInterfaceOrientationPortraitUpsideDown UIInterfaceOrientationLandscapeLeft UIInterfaceOrientationLandscapeRight";
				INFOPLIST_KEY_UISupportedInterfaceOrientations_iPhone = "UIInterfaceOrientationPortrait UIInterfaceOrientationLandscapeLeft UIInterfaceOrientationLandscapeRight";
				IPHONEOS_DEPLOYMENT_TARGET = 11.0;
				LD_RUNPATH_SEARCH_PATHS = (
					"$(inherited)",
					"@executable_path/Frameworks",
				);
				MARKETING_VERSION = 1.0;
				PRODUCT_BUNDLE_IDENTIFIER = Kumdak.GameLibrary;
				PRODUCT_NAME = "$(TARGET_NAME)";
				SWIFT_EMIT_LOC_STRINGS = YES;
				SWIFT_VERSION = 5.0;
				TARGETED_DEVICE_FAMILY = "1,2";
			};
			name = Debug;
		};
		28DCBE372800C993002055F5 /* Release */ = {
			isa = XCBuildConfiguration;
			baseConfigurationReference = BFB6B55BBA06D6C70DFF6B78 /* Pods-GameLibrary.release.xcconfig */;
			buildSettings = {
				ASSETCATALOG_COMPILER_APPICON_NAME = AppIcon;
				ASSETCATALOG_COMPILER_GLOBAL_ACCENT_COLOR_NAME = AccentColor;
				CODE_SIGN_STYLE = Automatic;
				CURRENT_PROJECT_VERSION = 1;
				DEVELOPMENT_TEAM = YN68PVVGP5;
				GENERATE_INFOPLIST_FILE = YES;
				INFOPLIST_FILE = GameLibrary/Info.plist;
				INFOPLIST_KEY_UIApplicationSupportsIndirectInputEvents = YES;
				INFOPLIST_KEY_UILaunchStoryboardName = LaunchScreen;
				INFOPLIST_KEY_UIMainStoryboardFile = Main;
				INFOPLIST_KEY_UISupportedInterfaceOrientations = "UIInterfaceOrientationPortrait UIInterfaceOrientationPortraitUpsideDown UIInterfaceOrientationLandscapeLeft UIInterfaceOrientationLandscapeRight";
				INFOPLIST_KEY_UISupportedInterfaceOrientations_iPad = "UIInterfaceOrientationPortrait UIInterfaceOrientationPortraitUpsideDown UIInterfaceOrientationLandscapeLeft UIInterfaceOrientationLandscapeRight";
				INFOPLIST_KEY_UISupportedInterfaceOrientations_iPhone = "UIInterfaceOrientationPortrait UIInterfaceOrientationLandscapeLeft UIInterfaceOrientationLandscapeRight";
				IPHONEOS_DEPLOYMENT_TARGET = 11.0;
				LD_RUNPATH_SEARCH_PATHS = (
					"$(inherited)",
					"@executable_path/Frameworks",
				);
				MARKETING_VERSION = 1.0;
				PRODUCT_BUNDLE_IDENTIFIER = Kumdak.GameLibrary;
				PRODUCT_NAME = "$(TARGET_NAME)";
				SWIFT_EMIT_LOC_STRINGS = YES;
				SWIFT_VERSION = 5.0;
				TARGETED_DEVICE_FAMILY = "1,2";
			};
			name = Release;
		};
		28DCBE392800C993002055F5 /* Debug */ = {
			isa = XCBuildConfiguration;
			baseConfigurationReference = F729B041C5E8FB183A96E48D /* Pods-GameLibraryTests.debug.xcconfig */;
			buildSettings = {
				ALWAYS_EMBED_SWIFT_STANDARD_LIBRARIES = YES;
				BUNDLE_LOADER = "$(TEST_HOST)";
				CODE_SIGN_STYLE = Automatic;
				CURRENT_PROJECT_VERSION = 1;
				DEVELOPMENT_TEAM = YN68PVVGP5;
				GENERATE_INFOPLIST_FILE = YES;
				IPHONEOS_DEPLOYMENT_TARGET = 11.0;
				MARKETING_VERSION = 1.0;
				PRODUCT_BUNDLE_IDENTIFIER = Kumdak.GameLibraryTests;
				PRODUCT_NAME = "$(TARGET_NAME)";
				SWIFT_EMIT_LOC_STRINGS = NO;
				SWIFT_VERSION = 5.0;
				TARGETED_DEVICE_FAMILY = "1,2";
				TEST_HOST = "$(BUILT_PRODUCTS_DIR)/GameLibrary.app/GameLibrary";
			};
			name = Debug;
		};
		28DCBE3A2800C993002055F5 /* Release */ = {
			isa = XCBuildConfiguration;
			baseConfigurationReference = D644FC116B13356838F579CF /* Pods-GameLibraryTests.release.xcconfig */;
			buildSettings = {
				ALWAYS_EMBED_SWIFT_STANDARD_LIBRARIES = YES;
				BUNDLE_LOADER = "$(TEST_HOST)";
				CODE_SIGN_STYLE = Automatic;
				CURRENT_PROJECT_VERSION = 1;
				DEVELOPMENT_TEAM = YN68PVVGP5;
				GENERATE_INFOPLIST_FILE = YES;
				IPHONEOS_DEPLOYMENT_TARGET = 11.0;
				MARKETING_VERSION = 1.0;
				PRODUCT_BUNDLE_IDENTIFIER = Kumdak.GameLibraryTests;
				PRODUCT_NAME = "$(TARGET_NAME)";
				SWIFT_EMIT_LOC_STRINGS = NO;
				SWIFT_VERSION = 5.0;
				TARGETED_DEVICE_FAMILY = "1,2";
				TEST_HOST = "$(BUILT_PRODUCTS_DIR)/GameLibrary.app/GameLibrary";
			};
			name = Release;
		};
		28DCBE3C2800C993002055F5 /* Debug */ = {
			isa = XCBuildConfiguration;
			baseConfigurationReference = 568634C2FB05BA147ABB6D81 /* Pods-GameLibrary-GameLibraryUITests.debug.xcconfig */;
			buildSettings = {
				ALWAYS_EMBED_SWIFT_STANDARD_LIBRARIES = YES;
				CODE_SIGN_STYLE = Automatic;
				CURRENT_PROJECT_VERSION = 1;
				DEVELOPMENT_TEAM = YN68PVVGP5;
				GENERATE_INFOPLIST_FILE = YES;
				MARKETING_VERSION = 1.0;
				PRODUCT_BUNDLE_IDENTIFIER = Kumdak.GameLibraryUITests;
				PRODUCT_NAME = "$(TARGET_NAME)";
				SWIFT_EMIT_LOC_STRINGS = NO;
				SWIFT_VERSION = 5.0;
				TARGETED_DEVICE_FAMILY = "1,2";
				TEST_TARGET_NAME = GameLibrary;
			};
			name = Debug;
		};
		28DCBE3D2800C993002055F5 /* Release */ = {
			isa = XCBuildConfiguration;
			baseConfigurationReference = 537075393BDE4840B2C986AE /* Pods-GameLibrary-GameLibraryUITests.release.xcconfig */;
			buildSettings = {
				ALWAYS_EMBED_SWIFT_STANDARD_LIBRARIES = YES;
				CODE_SIGN_STYLE = Automatic;
				CURRENT_PROJECT_VERSION = 1;
				DEVELOPMENT_TEAM = YN68PVVGP5;
				GENERATE_INFOPLIST_FILE = YES;
				MARKETING_VERSION = 1.0;
				PRODUCT_BUNDLE_IDENTIFIER = Kumdak.GameLibraryUITests;
				PRODUCT_NAME = "$(TARGET_NAME)";
				SWIFT_EMIT_LOC_STRINGS = NO;
				SWIFT_VERSION = 5.0;
				TARGETED_DEVICE_FAMILY = "1,2";
				TEST_TARGET_NAME = GameLibrary;
			};
			name = Release;
		};
/* End XCBuildConfiguration section */

/* Begin XCConfigurationList section */
		28DCBE062800C991002055F5 /* Build configuration list for PBXProject "GameLibrary" */ = {
			isa = XCConfigurationList;
			buildConfigurations = (
				28DCBE332800C993002055F5 /* Debug */,
				28DCBE342800C993002055F5 /* Release */,
			);
			defaultConfigurationIsVisible = 0;
			defaultConfigurationName = Release;
		};
		28DCBE352800C993002055F5 /* Build configuration list for PBXNativeTarget "GameLibrary" */ = {
			isa = XCConfigurationList;
			buildConfigurations = (
				28DCBE362800C993002055F5 /* Debug */,
				28DCBE372800C993002055F5 /* Release */,
			);
			defaultConfigurationIsVisible = 0;
			defaultConfigurationName = Release;
		};
		28DCBE382800C993002055F5 /* Build configuration list for PBXNativeTarget "GameLibraryTests" */ = {
			isa = XCConfigurationList;
			buildConfigurations = (
				28DCBE392800C993002055F5 /* Debug */,
				28DCBE3A2800C993002055F5 /* Release */,
			);
			defaultConfigurationIsVisible = 0;
			defaultConfigurationName = Release;
		};
		28DCBE3B2800C993002055F5 /* Build configuration list for PBXNativeTarget "GameLibraryUITests" */ = {
			isa = XCConfigurationList;
			buildConfigurations = (
				28DCBE3C2800C993002055F5 /* Debug */,
				28DCBE3D2800C993002055F5 /* Release */,
			);
			defaultConfigurationIsVisible = 0;
			defaultConfigurationName = Release;
		};
/* End XCConfigurationList section */
	};
	rootObject = 28DCBE032800C991002055F5 /* Project object */;
}
